
Microsoft Visual Studio Solution File, Format Version 12.00
# Visual Studio 15
VisualStudioVersion = 15.0.28010.2036
MinimumVisualStudioVersion = 10.0.40219.1
Project("{FAE04EC0-301F-11D3-BF4B-00C04F79EFBC}") = "Cryptobitfolio.Android", "Cryptobitfolio\Cryptobitfolio.Android\Cryptobitfolio.Android.csproj", "{24AB1236-40B1-4A33-809C-44B9013A214C}"
EndProject
Project("{FAE04EC0-301F-11D3-BF4B-00C04F79EFBC}") = "Cryptobitfolio.iOS", "Cryptobitfolio\Cryptobitfolio.iOS\Cryptobitfolio.iOS.csproj", "{E83CE475-BDBF-47E2-880E-4E2BA3A01F36}"
EndProject
Project("{2150E333-8FDC-42A3-9474-1A3956D46DE8}") = "Droid", "Droid", "{11CFA4A1-0460-4450-B641-C395557E08BF}"
EndProject
Project("{2150E333-8FDC-42A3-9474-1A3956D46DE8}") = "IOS", "IOS", "{4688F9FC-CFA3-471F-92FF-F804A9B5CDCB}"
EndProject
Project("{2150E333-8FDC-42A3-9474-1A3956D46DE8}") = "UI", "UI", "{AFF0CF4A-C1C4-4A41-866C-7C004C04ABD7}"
EndProject
Project("{9A19103F-16F7-4668-BE54-9A1E7A4F7556}") = "Cryptobitfolio.UI", "Cryptobitfolio.UI\Cryptobitfolio.UI.csproj", "{4FF33EE2-99CB-44BE-9F2C-F17C471F6F54}"
EndProject
Project("{2150E333-8FDC-42A3-9474-1A3956D46DE8}") = "Business", "Business", "{741EDA25-1C34-4805-B2B6-85963BA4314D}"
EndProject
Project("{9A19103F-16F7-4668-BE54-9A1E7A4F7556}") = "Cryptobitfolio.Business", "Cryptobitfolio.Business\Cryptobitfolio.Business.csproj", "{E73D177C-492F-41F3-A2B7-707FA5FE3FA7}"
EndProject
Project("{2150E333-8FDC-42A3-9474-1A3956D46DE8}") = "Data", "Data", "{7BE5CC61-EAF0-416F-B20E-112F02932C89}"
EndProject
Project("{9A19103F-16F7-4668-BE54-9A1E7A4F7556}") = "Cryptobitfolio.Data", "Cryptobitfolio.Data\Cryptobitfolio.Data.csproj", "{56348F2B-3B5F-45EE-BF89-C9999C6A608B}"
EndProject
Project("{9A19103F-16F7-4668-BE54-9A1E7A4F7556}") = "Cryptobitfolio.Business.Entities", "Cryptobitfolio.Business.Entities\Cryptobitfolio.Business.Entities.csproj", "{2F86EC2F-891A-4795-B165-6B1EAC046708}"
EndProject
Project("{9A19103F-16F7-4668-BE54-9A1E7A4F7556}") = "Cryptobitfolio.Business.Contracts", "Cryptobitfolio.Business.Contracts\Cryptobitfolio.Business.Contracts.csproj", "{8F1DFEE1-F48C-42D6-9F91-F08B00AF79C6}"
EndProject
Project("{9A19103F-16F7-4668-BE54-9A1E7A4F7556}") = "Cryptobitfolio.Business.Common", "Cryptobitfolio.Business.Common\Cryptobitfolio.Business.Common.csproj", "{B34436FE-BAF6-4E3C-935D-468A16C2AD44}"
EndProject
Project("{2150E333-8FDC-42A3-9474-1A3956D46DE8}") = "Tests", "Tests", "{3D52BA67-C6FA-4F85-B014-C669AE0D7568}"
EndProject
Project("{2150E333-8FDC-42A3-9474-1A3956D46DE8}") = "Business Tests", "Business Tests", "{973DE8BD-91E8-41FC-98F9-DFF4CD5E4642}"
EndProject
Project("{9A19103F-16F7-4668-BE54-9A1E7A4F7556}") = "Business.Tests", "Business.Tests\Business.Tests.csproj", "{5ABBEF06-CFE9-4164-97DA-1BD62FF6114C}"
EndProject
Project("{9A19103F-16F7-4668-BE54-9A1E7A4F7556}") = "Cryptobitfolio.Tests.Common", "Cryptobitfolio.Tests.Common\Cryptobitfolio.Tests.Common.csproj", "{5BD36CA5-276E-4DE7-BB9B-769DE3637C51}"
EndProject
Project("{2150E333-8FDC-42A3-9474-1A3956D46DE8}") = "Data  Tests", "Data  Tests", "{0E3449F5-679B-403D-A7BD-863676D25921}"
EndProject
Project("{FAE04EC0-301F-11D3-BF4B-00C04F79EFBC}") = "Cryptobitfolio.Data.Tests", "Cryptobitfolio.Data.Tests\Cryptobitfolio.Data.Tests.csproj", "{9709DC96-D806-47AE-A6F2-3BCC443BD156}"
EndProject
Global
	GlobalSection(SolutionConfigurationPlatforms) = preSolution
		Ad-Hoc|Any CPU = Ad-Hoc|Any CPU
		Ad-Hoc|iPhone = Ad-Hoc|iPhone
		Ad-Hoc|iPhoneSimulator = Ad-Hoc|iPhoneSimulator
		AppStore|Any CPU = AppStore|Any CPU
		AppStore|iPhone = AppStore|iPhone
		AppStore|iPhoneSimulator = AppStore|iPhoneSimulator
		Debug|Any CPU = Debug|Any CPU
		Debug|iPhone = Debug|iPhone
		Debug|iPhoneSimulator = Debug|iPhoneSimulator
		Release|Any CPU = Release|Any CPU
		Release|iPhone = Release|iPhone
		Release|iPhoneSimulator = Release|iPhoneSimulator
	EndGlobalSection
	GlobalSection(ProjectConfigurationPlatforms) = postSolution
		{24AB1236-40B1-4A33-809C-44B9013A214C}.Ad-Hoc|Any CPU.ActiveCfg = Release|Any CPU
		{24AB1236-40B1-4A33-809C-44B9013A214C}.Ad-Hoc|Any CPU.Build.0 = Release|Any CPU
		{24AB1236-40B1-4A33-809C-44B9013A214C}.Ad-Hoc|Any CPU.Deploy.0 = Release|Any CPU
		{24AB1236-40B1-4A33-809C-44B9013A214C}.Ad-Hoc|iPhone.ActiveCfg = Release|Any CPU
		{24AB1236-40B1-4A33-809C-44B9013A214C}.Ad-Hoc|iPhone.Build.0 = Release|Any CPU
		{24AB1236-40B1-4A33-809C-44B9013A214C}.Ad-Hoc|iPhone.Deploy.0 = Release|Any CPU
		{24AB1236-40B1-4A33-809C-44B9013A214C}.Ad-Hoc|iPhoneSimulator.ActiveCfg = Release|Any CPU
		{24AB1236-40B1-4A33-809C-44B9013A214C}.Ad-Hoc|iPhoneSimulator.Build.0 = Release|Any CPU
		{24AB1236-40B1-4A33-809C-44B9013A214C}.Ad-Hoc|iPhoneSimulator.Deploy.0 = Release|Any CPU
		{24AB1236-40B1-4A33-809C-44B9013A214C}.AppStore|Any CPU.ActiveCfg = Release|Any CPU
		{24AB1236-40B1-4A33-809C-44B9013A214C}.AppStore|Any CPU.Build.0 = Release|Any CPU
		{24AB1236-40B1-4A33-809C-44B9013A214C}.AppStore|Any CPU.Deploy.0 = Release|Any CPU
		{24AB1236-40B1-4A33-809C-44B9013A214C}.AppStore|iPhone.ActiveCfg = Release|Any CPU
		{24AB1236-40B1-4A33-809C-44B9013A214C}.AppStore|iPhone.Build.0 = Release|Any CPU
		{24AB1236-40B1-4A33-809C-44B9013A214C}.AppStore|iPhone.Deploy.0 = Release|Any CPU
		{24AB1236-40B1-4A33-809C-44B9013A214C}.AppStore|iPhoneSimulator.ActiveCfg = Release|Any CPU
		{24AB1236-40B1-4A33-809C-44B9013A214C}.AppStore|iPhoneSimulator.Build.0 = Release|Any CPU
		{24AB1236-40B1-4A33-809C-44B9013A214C}.AppStore|iPhoneSimulator.Deploy.0 = Release|Any CPU
		{24AB1236-40B1-4A33-809C-44B9013A214C}.Debug|Any CPU.ActiveCfg = Debug|Any CPU
		{24AB1236-40B1-4A33-809C-44B9013A214C}.Debug|Any CPU.Build.0 = Debug|Any CPU
		{24AB1236-40B1-4A33-809C-44B9013A214C}.Debug|Any CPU.Deploy.0 = Debug|Any CPU
		{24AB1236-40B1-4A33-809C-44B9013A214C}.Debug|iPhone.ActiveCfg = Debug|Any CPU
		{24AB1236-40B1-4A33-809C-44B9013A214C}.Debug|iPhone.Build.0 = Debug|Any CPU
		{24AB1236-40B1-4A33-809C-44B9013A214C}.Debug|iPhone.Deploy.0 = Debug|Any CPU
		{24AB1236-40B1-4A33-809C-44B9013A214C}.Debug|iPhoneSimulator.ActiveCfg = Debug|Any CPU
		{24AB1236-40B1-4A33-809C-44B9013A214C}.Debug|iPhoneSimulator.Build.0 = Debug|Any CPU
		{24AB1236-40B1-4A33-809C-44B9013A214C}.Debug|iPhoneSimulator.Deploy.0 = Debug|Any CPU
		{24AB1236-40B1-4A33-809C-44B9013A214C}.Release|Any CPU.ActiveCfg = Release|Any CPU
		{24AB1236-40B1-4A33-809C-44B9013A214C}.Release|Any CPU.Build.0 = Release|Any CPU
		{24AB1236-40B1-4A33-809C-44B9013A214C}.Release|Any CPU.Deploy.0 = Release|Any CPU
		{24AB1236-40B1-4A33-809C-44B9013A214C}.Release|iPhone.ActiveCfg = Release|Any CPU
		{24AB1236-40B1-4A33-809C-44B9013A214C}.Release|iPhone.Build.0 = Release|Any CPU
		{24AB1236-40B1-4A33-809C-44B9013A214C}.Release|iPhone.Deploy.0 = Release|Any CPU
		{24AB1236-40B1-4A33-809C-44B9013A214C}.Release|iPhoneSimulator.ActiveCfg = Release|Any CPU
		{24AB1236-40B1-4A33-809C-44B9013A214C}.Release|iPhoneSimulator.Build.0 = Release|Any CPU
		{24AB1236-40B1-4A33-809C-44B9013A214C}.Release|iPhoneSimulator.Deploy.0 = Release|Any CPU
		{E83CE475-BDBF-47E2-880E-4E2BA3A01F36}.Ad-Hoc|Any CPU.ActiveCfg = Ad-Hoc|iPhone
		{E83CE475-BDBF-47E2-880E-4E2BA3A01F36}.Ad-Hoc|Any CPU.Build.0 = Ad-Hoc|iPhone
		{E83CE475-BDBF-47E2-880E-4E2BA3A01F36}.Ad-Hoc|Any CPU.Deploy.0 = Ad-Hoc|iPhone
		{E83CE475-BDBF-47E2-880E-4E2BA3A01F36}.Ad-Hoc|iPhone.ActiveCfg = Ad-Hoc|iPhone
		{E83CE475-BDBF-47E2-880E-4E2BA3A01F36}.Ad-Hoc|iPhone.Build.0 = Ad-Hoc|iPhone
		{E83CE475-BDBF-47E2-880E-4E2BA3A01F36}.Ad-Hoc|iPhone.Deploy.0 = Ad-Hoc|iPhone
		{E83CE475-BDBF-47E2-880E-4E2BA3A01F36}.Ad-Hoc|iPhoneSimulator.ActiveCfg = Ad-Hoc|iPhoneSimulator
		{E83CE475-BDBF-47E2-880E-4E2BA3A01F36}.Ad-Hoc|iPhoneSimulator.Build.0 = Ad-Hoc|iPhoneSimulator
		{E83CE475-BDBF-47E2-880E-4E2BA3A01F36}.Ad-Hoc|iPhoneSimulator.Deploy.0 = Ad-Hoc|iPhoneSimulator
		{E83CE475-BDBF-47E2-880E-4E2BA3A01F36}.AppStore|Any CPU.ActiveCfg = AppStore|iPhone
		{E83CE475-BDBF-47E2-880E-4E2BA3A01F36}.AppStore|Any CPU.Build.0 = AppStore|iPhone
		{E83CE475-BDBF-47E2-880E-4E2BA3A01F36}.AppStore|Any CPU.Deploy.0 = AppStore|iPhone
		{E83CE475-BDBF-47E2-880E-4E2BA3A01F36}.AppStore|iPhone.ActiveCfg = AppStore|iPhone
		{E83CE475-BDBF-47E2-880E-4E2BA3A01F36}.AppStore|iPhone.Build.0 = AppStore|iPhone
		{E83CE475-BDBF-47E2-880E-4E2BA3A01F36}.AppStore|iPhone.Deploy.0 = AppStore|iPhone
		{E83CE475-BDBF-47E2-880E-4E2BA3A01F36}.AppStore|iPhoneSimulator.ActiveCfg = AppStore|iPhoneSimulator
		{E83CE475-BDBF-47E2-880E-4E2BA3A01F36}.AppStore|iPhoneSimulator.Build.0 = AppStore|iPhoneSimulator
		{E83CE475-BDBF-47E2-880E-4E2BA3A01F36}.AppStore|iPhoneSimulator.Deploy.0 = AppStore|iPhoneSimulator
		{E83CE475-BDBF-47E2-880E-4E2BA3A01F36}.Debug|Any CPU.ActiveCfg = Debug|iPhoneSimulator
		{E83CE475-BDBF-47E2-880E-4E2BA3A01F36}.Debug|Any CPU.Build.0 = Debug|iPhoneSimulator
		{E83CE475-BDBF-47E2-880E-4E2BA3A01F36}.Debug|Any CPU.Deploy.0 = Debug|iPhoneSimulator
		{E83CE475-BDBF-47E2-880E-4E2BA3A01F36}.Debug|iPhone.ActiveCfg = Debug|iPhone
		{E83CE475-BDBF-47E2-880E-4E2BA3A01F36}.Debug|iPhone.Build.0 = Debug|iPhone
		{E83CE475-BDBF-47E2-880E-4E2BA3A01F36}.Debug|iPhone.Deploy.0 = Debug|iPhone
		{E83CE475-BDBF-47E2-880E-4E2BA3A01F36}.Debug|iPhoneSimulator.ActiveCfg = Debug|iPhoneSimulator
		{E83CE475-BDBF-47E2-880E-4E2BA3A01F36}.Debug|iPhoneSimulator.Build.0 = Debug|iPhoneSimulator
		{E83CE475-BDBF-47E2-880E-4E2BA3A01F36}.Debug|iPhoneSimulator.Deploy.0 = Debug|iPhoneSimulator
		{E83CE475-BDBF-47E2-880E-4E2BA3A01F36}.Release|Any CPU.ActiveCfg = Release|iPhone
		{E83CE475-BDBF-47E2-880E-4E2BA3A01F36}.Release|Any CPU.Build.0 = Release|iPhone
		{E83CE475-BDBF-47E2-880E-4E2BA3A01F36}.Release|Any CPU.Deploy.0 = Release|iPhone
		{E83CE475-BDBF-47E2-880E-4E2BA3A01F36}.Release|iPhone.ActiveCfg = Release|iPhone
		{E83CE475-BDBF-47E2-880E-4E2BA3A01F36}.Release|iPhone.Build.0 = Release|iPhone
		{E83CE475-BDBF-47E2-880E-4E2BA3A01F36}.Release|iPhone.Deploy.0 = Release|iPhone
		{E83CE475-BDBF-47E2-880E-4E2BA3A01F36}.Release|iPhoneSimulator.ActiveCfg = Release|iPhoneSimulator
		{E83CE475-BDBF-47E2-880E-4E2BA3A01F36}.Release|iPhoneSimulator.Build.0 = Release|iPhoneSimulator
		{E83CE475-BDBF-47E2-880E-4E2BA3A01F36}.Release|iPhoneSimulator.Deploy.0 = Release|iPhoneSimulator
		{4FF33EE2-99CB-44BE-9F2C-F17C471F6F54}.Ad-Hoc|Any CPU.ActiveCfg = Debug|Any CPU
		{4FF33EE2-99CB-44BE-9F2C-F17C471F6F54}.Ad-Hoc|Any CPU.Build.0 = Debug|Any CPU
		{4FF33EE2-99CB-44BE-9F2C-F17C471F6F54}.Ad-Hoc|iPhone.ActiveCfg = Debug|Any CPU
		{4FF33EE2-99CB-44BE-9F2C-F17C471F6F54}.Ad-Hoc|iPhone.Build.0 = Debug|Any CPU
		{4FF33EE2-99CB-44BE-9F2C-F17C471F6F54}.Ad-Hoc|iPhoneSimulator.ActiveCfg = Debug|Any CPU
		{4FF33EE2-99CB-44BE-9F2C-F17C471F6F54}.Ad-Hoc|iPhoneSimulator.Build.0 = Debug|Any CPU
		{4FF33EE2-99CB-44BE-9F2C-F17C471F6F54}.AppStore|Any CPU.ActiveCfg = Debug|Any CPU
		{4FF33EE2-99CB-44BE-9F2C-F17C471F6F54}.AppStore|Any CPU.Build.0 = Debug|Any CPU
		{4FF33EE2-99CB-44BE-9F2C-F17C471F6F54}.AppStore|iPhone.ActiveCfg = Debug|Any CPU
		{4FF33EE2-99CB-44BE-9F2C-F17C471F6F54}.AppStore|iPhone.Build.0 = Debug|Any CPU
		{4FF33EE2-99CB-44BE-9F2C-F17C471F6F54}.AppStore|iPhoneSimulator.ActiveCfg = Debug|Any CPU
		{4FF33EE2-99CB-44BE-9F2C-F17C471F6F54}.AppStore|iPhoneSimulator.Build.0 = Debug|Any CPU
		{4FF33EE2-99CB-44BE-9F2C-F17C471F6F54}.Debug|Any CPU.ActiveCfg = Debug|Any CPU
		{4FF33EE2-99CB-44BE-9F2C-F17C471F6F54}.Debug|Any CPU.Build.0 = Debug|Any CPU
		{4FF33EE2-99CB-44BE-9F2C-F17C471F6F54}.Debug|iPhone.ActiveCfg = Debug|Any CPU
		{4FF33EE2-99CB-44BE-9F2C-F17C471F6F54}.Debug|iPhone.Build.0 = Debug|Any CPU
		{4FF33EE2-99CB-44BE-9F2C-F17C471F6F54}.Debug|iPhoneSimulator.ActiveCfg = Debug|Any CPU
		{4FF33EE2-99CB-44BE-9F2C-F17C471F6F54}.Debug|iPhoneSimulator.Build.0 = Debug|Any CPU
		{4FF33EE2-99CB-44BE-9F2C-F17C471F6F54}.Release|Any CPU.ActiveCfg = Release|Any CPU
		{4FF33EE2-99CB-44BE-9F2C-F17C471F6F54}.Release|Any CPU.Build.0 = Release|Any CPU
		{4FF33EE2-99CB-44BE-9F2C-F17C471F6F54}.Release|iPhone.ActiveCfg = Release|Any CPU
		{4FF33EE2-99CB-44BE-9F2C-F17C471F6F54}.Release|iPhone.Build.0 = Release|Any CPU
		{4FF33EE2-99CB-44BE-9F2C-F17C471F6F54}.Release|iPhoneSimulator.ActiveCfg = Release|Any CPU
		{4FF33EE2-99CB-44BE-9F2C-F17C471F6F54}.Release|iPhoneSimulator.Build.0 = Release|Any CPU
		{E73D177C-492F-41F3-A2B7-707FA5FE3FA7}.Ad-Hoc|Any CPU.ActiveCfg = Debug|Any CPU
		{E73D177C-492F-41F3-A2B7-707FA5FE3FA7}.Ad-Hoc|Any CPU.Build.0 = Debug|Any CPU
		{E73D177C-492F-41F3-A2B7-707FA5FE3FA7}.Ad-Hoc|iPhone.ActiveCfg = Debug|Any CPU
		{E73D177C-492F-41F3-A2B7-707FA5FE3FA7}.Ad-Hoc|iPhone.Build.0 = Debug|Any CPU
		{E73D177C-492F-41F3-A2B7-707FA5FE3FA7}.Ad-Hoc|iPhoneSimulator.ActiveCfg = Debug|Any CPU
		{E73D177C-492F-41F3-A2B7-707FA5FE3FA7}.Ad-Hoc|iPhoneSimulator.Build.0 = Debug|Any CPU
		{E73D177C-492F-41F3-A2B7-707FA5FE3FA7}.AppStore|Any CPU.ActiveCfg = Debug|Any CPU
		{E73D177C-492F-41F3-A2B7-707FA5FE3FA7}.AppStore|Any CPU.Build.0 = Debug|Any CPU
		{E73D177C-492F-41F3-A2B7-707FA5FE3FA7}.AppStore|iPhone.ActiveCfg = Debug|Any CPU
		{E73D177C-492F-41F3-A2B7-707FA5FE3FA7}.AppStore|iPhone.Build.0 = Debug|Any CPU
		{E73D177C-492F-41F3-A2B7-707FA5FE3FA7}.AppStore|iPhoneSimulator.ActiveCfg = Debug|Any CPU
		{E73D177C-492F-41F3-A2B7-707FA5FE3FA7}.AppStore|iPhoneSimulator.Build.0 = Debug|Any CPU
		{E73D177C-492F-41F3-A2B7-707FA5FE3FA7}.Debug|Any CPU.ActiveCfg = Debug|Any CPU
		{E73D177C-492F-41F3-A2B7-707FA5FE3FA7}.Debug|Any CPU.Build.0 = Debug|Any CPU
		{E73D177C-492F-41F3-A2B7-707FA5FE3FA7}.Debug|iPhone.ActiveCfg = Debug|Any CPU
		{E73D177C-492F-41F3-A2B7-707FA5FE3FA7}.Debug|iPhone.Build.0 = Debug|Any CPU
		{E73D177C-492F-41F3-A2B7-707FA5FE3FA7}.Debug|iPhoneSimulator.ActiveCfg = Debug|Any CPU
		{E73D177C-492F-41F3-A2B7-707FA5FE3FA7}.Debug|iPhoneSimulator.Build.0 = Debug|Any CPU
		{E73D177C-492F-41F3-A2B7-707FA5FE3FA7}.Release|Any CPU.ActiveCfg = Release|Any CPU
		{E73D177C-492F-41F3-A2B7-707FA5FE3FA7}.Release|Any CPU.Build.0 = Release|Any CPU
		{E73D177C-492F-41F3-A2B7-707FA5FE3FA7}.Release|iPhone.ActiveCfg = Release|Any CPU
		{E73D177C-492F-41F3-A2B7-707FA5FE3FA7}.Release|iPhone.Build.0 = Release|Any CPU
		{E73D177C-492F-41F3-A2B7-707FA5FE3FA7}.Release|iPhoneSimulator.ActiveCfg = Release|Any CPU
		{E73D177C-492F-41F3-A2B7-707FA5FE3FA7}.Release|iPhoneSimulator.Build.0 = Release|Any CPU
		{56348F2B-3B5F-45EE-BF89-C9999C6A608B}.Ad-Hoc|Any CPU.ActiveCfg = Debug|Any CPU
		{56348F2B-3B5F-45EE-BF89-C9999C6A608B}.Ad-Hoc|Any CPU.Build.0 = Debug|Any CPU
		{56348F2B-3B5F-45EE-BF89-C9999C6A608B}.Ad-Hoc|iPhone.ActiveCfg = Debug|Any CPU
		{56348F2B-3B5F-45EE-BF89-C9999C6A608B}.Ad-Hoc|iPhone.Build.0 = Debug|Any CPU
		{56348F2B-3B5F-45EE-BF89-C9999C6A608B}.Ad-Hoc|iPhoneSimulator.ActiveCfg = Debug|Any CPU
		{56348F2B-3B5F-45EE-BF89-C9999C6A608B}.Ad-Hoc|iPhoneSimulator.Build.0 = Debug|Any CPU
		{56348F2B-3B5F-45EE-BF89-C9999C6A608B}.AppStore|Any CPU.ActiveCfg = Debug|Any CPU
		{56348F2B-3B5F-45EE-BF89-C9999C6A608B}.AppStore|Any CPU.Build.0 = Debug|Any CPU
		{56348F2B-3B5F-45EE-BF89-C9999C6A608B}.AppStore|iPhone.ActiveCfg = Debug|Any CPU
		{56348F2B-3B5F-45EE-BF89-C9999C6A608B}.AppStore|iPhone.Build.0 = Debug|Any CPU
		{56348F2B-3B5F-45EE-BF89-C9999C6A608B}.AppStore|iPhoneSimulator.ActiveCfg = Debug|Any CPU
		{56348F2B-3B5F-45EE-BF89-C9999C6A608B}.AppStore|iPhoneSimulator.Build.0 = Debug|Any CPU
		{56348F2B-3B5F-45EE-BF89-C9999C6A608B}.Debug|Any CPU.ActiveCfg = Debug|Any CPU
		{56348F2B-3B5F-45EE-BF89-C9999C6A608B}.Debug|Any CPU.Build.0 = Debug|Any CPU
		{56348F2B-3B5F-45EE-BF89-C9999C6A608B}.Debug|iPhone.ActiveCfg = Debug|Any CPU
		{56348F2B-3B5F-45EE-BF89-C9999C6A608B}.Debug|iPhone.Build.0 = Debug|Any CPU
		{56348F2B-3B5F-45EE-BF89-C9999C6A608B}.Debug|iPhoneSimulator.ActiveCfg = Debug|Any CPU
		{56348F2B-3B5F-45EE-BF89-C9999C6A608B}.Debug|iPhoneSimulator.Build.0 = Debug|Any CPU
		{56348F2B-3B5F-45EE-BF89-C9999C6A608B}.Release|Any CPU.ActiveCfg = Release|Any CPU
		{56348F2B-3B5F-45EE-BF89-C9999C6A608B}.Release|Any CPU.Build.0 = Release|Any CPU
		{56348F2B-3B5F-45EE-BF89-C9999C6A608B}.Release|iPhone.ActiveCfg = Release|Any CPU
		{56348F2B-3B5F-45EE-BF89-C9999C6A608B}.Release|iPhone.Build.0 = Release|Any CPU
		{56348F2B-3B5F-45EE-BF89-C9999C6A608B}.Release|iPhoneSimulator.ActiveCfg = Release|Any CPU
		{56348F2B-3B5F-45EE-BF89-C9999C6A608B}.Release|iPhoneSimulator.Build.0 = Release|Any CPU
		{2F86EC2F-891A-4795-B165-6B1EAC046708}.Ad-Hoc|Any CPU.ActiveCfg = Debug|Any CPU
		{2F86EC2F-891A-4795-B165-6B1EAC046708}.Ad-Hoc|Any CPU.Build.0 = Debug|Any CPU
		{2F86EC2F-891A-4795-B165-6B1EAC046708}.Ad-Hoc|iPhone.ActiveCfg = Debug|Any CPU
		{2F86EC2F-891A-4795-B165-6B1EAC046708}.Ad-Hoc|iPhone.Build.0 = Debug|Any CPU
		{2F86EC2F-891A-4795-B165-6B1EAC046708}.Ad-Hoc|iPhoneSimulator.ActiveCfg = Debug|Any CPU
		{2F86EC2F-891A-4795-B165-6B1EAC046708}.Ad-Hoc|iPhoneSimulator.Build.0 = Debug|Any CPU
		{2F86EC2F-891A-4795-B165-6B1EAC046708}.AppStore|Any CPU.ActiveCfg = Debug|Any CPU
		{2F86EC2F-891A-4795-B165-6B1EAC046708}.AppStore|Any CPU.Build.0 = Debug|Any CPU
		{2F86EC2F-891A-4795-B165-6B1EAC046708}.AppStore|iPhone.ActiveCfg = Debug|Any CPU
		{2F86EC2F-891A-4795-B165-6B1EAC046708}.AppStore|iPhone.Build.0 = Debug|Any CPU
		{2F86EC2F-891A-4795-B165-6B1EAC046708}.AppStore|iPhoneSimulator.ActiveCfg = Debug|Any CPU
		{2F86EC2F-891A-4795-B165-6B1EAC046708}.AppStore|iPhoneSimulator.Build.0 = Debug|Any CPU
		{2F86EC2F-891A-4795-B165-6B1EAC046708}.Debug|Any CPU.ActiveCfg = Debug|Any CPU
		{2F86EC2F-891A-4795-B165-6B1EAC046708}.Debug|Any CPU.Build.0 = Debug|Any CPU
		{2F86EC2F-891A-4795-B165-6B1EAC046708}.Debug|iPhone.ActiveCfg = Debug|Any CPU
		{2F86EC2F-891A-4795-B165-6B1EAC046708}.Debug|iPhone.Build.0 = Debug|Any CPU
		{2F86EC2F-891A-4795-B165-6B1EAC046708}.Debug|iPhoneSimulator.ActiveCfg = Debug|Any CPU
		{2F86EC2F-891A-4795-B165-6B1EAC046708}.Debug|iPhoneSimulator.Build.0 = Debug|Any CPU
		{2F86EC2F-891A-4795-B165-6B1EAC046708}.Release|Any CPU.ActiveCfg = Release|Any CPU
		{2F86EC2F-891A-4795-B165-6B1EAC046708}.Release|Any CPU.Build.0 = Release|Any CPU
		{2F86EC2F-891A-4795-B165-6B1EAC046708}.Release|iPhone.ActiveCfg = Release|Any CPU
		{2F86EC2F-891A-4795-B165-6B1EAC046708}.Release|iPhone.Build.0 = Release|Any CPU
		{2F86EC2F-891A-4795-B165-6B1EAC046708}.Release|iPhoneSimulator.ActiveCfg = Release|Any CPU
		{2F86EC2F-891A-4795-B165-6B1EAC046708}.Release|iPhoneSimulator.Build.0 = Release|Any CPU
		{8F1DFEE1-F48C-42D6-9F91-F08B00AF79C6}.Ad-Hoc|Any CPU.ActiveCfg = Debug|Any CPU
		{8F1DFEE1-F48C-42D6-9F91-F08B00AF79C6}.Ad-Hoc|Any CPU.Build.0 = Debug|Any CPU
		{8F1DFEE1-F48C-42D6-9F91-F08B00AF79C6}.Ad-Hoc|iPhone.ActiveCfg = Debug|Any CPU
		{8F1DFEE1-F48C-42D6-9F91-F08B00AF79C6}.Ad-Hoc|iPhone.Build.0 = Debug|Any CPU
		{8F1DFEE1-F48C-42D6-9F91-F08B00AF79C6}.Ad-Hoc|iPhoneSimulator.ActiveCfg = Debug|Any CPU
		{8F1DFEE1-F48C-42D6-9F91-F08B00AF79C6}.Ad-Hoc|iPhoneSimulator.Build.0 = Debug|Any CPU
		{8F1DFEE1-F48C-42D6-9F91-F08B00AF79C6}.AppStore|Any CPU.ActiveCfg = Debug|Any CPU
		{8F1DFEE1-F48C-42D6-9F91-F08B00AF79C6}.AppStore|Any CPU.Build.0 = Debug|Any CPU
		{8F1DFEE1-F48C-42D6-9F91-F08B00AF79C6}.AppStore|iPhone.ActiveCfg = Debug|Any CPU
		{8F1DFEE1-F48C-42D6-9F91-F08B00AF79C6}.AppStore|iPhone.Build.0 = Debug|Any CPU
		{8F1DFEE1-F48C-42D6-9F91-F08B00AF79C6}.AppStore|iPhoneSimulator.ActiveCfg = Debug|Any CPU
		{8F1DFEE1-F48C-42D6-9F91-F08B00AF79C6}.AppStore|iPhoneSimulator.Build.0 = Debug|Any CPU
		{8F1DFEE1-F48C-42D6-9F91-F08B00AF79C6}.Debug|Any CPU.ActiveCfg = Debug|Any CPU
		{8F1DFEE1-F48C-42D6-9F91-F08B00AF79C6}.Debug|Any CPU.Build.0 = Debug|Any CPU
		{8F1DFEE1-F48C-42D6-9F91-F08B00AF79C6}.Debug|iPhone.ActiveCfg = Debug|Any CPU
		{8F1DFEE1-F48C-42D6-9F91-F08B00AF79C6}.Debug|iPhone.Build.0 = Debug|Any CPU
		{8F1DFEE1-F48C-42D6-9F91-F08B00AF79C6}.Debug|iPhoneSimulator.ActiveCfg = Debug|Any CPU
		{8F1DFEE1-F48C-42D6-9F91-F08B00AF79C6}.Debug|iPhoneSimulator.Build.0 = Debug|Any CPU
		{8F1DFEE1-F48C-42D6-9F91-F08B00AF79C6}.Release|Any CPU.ActiveCfg = Release|Any CPU
		{8F1DFEE1-F48C-42D6-9F91-F08B00AF79C6}.Release|Any CPU.Build.0 = Release|Any CPU
		{8F1DFEE1-F48C-42D6-9F91-F08B00AF79C6}.Release|iPhone.ActiveCfg = Release|Any CPU
		{8F1DFEE1-F48C-42D6-9F91-F08B00AF79C6}.Release|iPhone.Build.0 = Release|Any CPU
		{8F1DFEE1-F48C-42D6-9F91-F08B00AF79C6}.Release|iPhoneSimulator.ActiveCfg = Release|Any CPU
		{8F1DFEE1-F48C-42D6-9F91-F08B00AF79C6}.Release|iPhoneSimulator.Build.0 = Release|Any CPU
		{B34436FE-BAF6-4E3C-935D-468A16C2AD44}.Ad-Hoc|Any CPU.ActiveCfg = Debug|Any CPU
		{B34436FE-BAF6-4E3C-935D-468A16C2AD44}.Ad-Hoc|Any CPU.Build.0 = Debug|Any CPU
		{B34436FE-BAF6-4E3C-935D-468A16C2AD44}.Ad-Hoc|iPhone.ActiveCfg = Debug|Any CPU
		{B34436FE-BAF6-4E3C-935D-468A16C2AD44}.Ad-Hoc|iPhone.Build.0 = Debug|Any CPU
		{B34436FE-BAF6-4E3C-935D-468A16C2AD44}.Ad-Hoc|iPhoneSimulator.ActiveCfg = Debug|Any CPU
		{B34436FE-BAF6-4E3C-935D-468A16C2AD44}.Ad-Hoc|iPhoneSimulator.Build.0 = Debug|Any CPU
		{B34436FE-BAF6-4E3C-935D-468A16C2AD44}.AppStore|Any CPU.ActiveCfg = Debug|Any CPU
		{B34436FE-BAF6-4E3C-935D-468A16C2AD44}.AppStore|Any CPU.Build.0 = Debug|Any CPU
		{B34436FE-BAF6-4E3C-935D-468A16C2AD44}.AppStore|iPhone.ActiveCfg = Debug|Any CPU
		{B34436FE-BAF6-4E3C-935D-468A16C2AD44}.AppStore|iPhone.Build.0 = Debug|Any CPU
		{B34436FE-BAF6-4E3C-935D-468A16C2AD44}.AppStore|iPhoneSimulator.ActiveCfg = Debug|Any CPU
		{B34436FE-BAF6-4E3C-935D-468A16C2AD44}.AppStore|iPhoneSimulator.Build.0 = Debug|Any CPU
		{B34436FE-BAF6-4E3C-935D-468A16C2AD44}.Debug|Any CPU.ActiveCfg = Debug|Any CPU
		{B34436FE-BAF6-4E3C-935D-468A16C2AD44}.Debug|Any CPU.Build.0 = Debug|Any CPU
		{B34436FE-BAF6-4E3C-935D-468A16C2AD44}.Debug|iPhone.ActiveCfg = Debug|Any CPU
		{B34436FE-BAF6-4E3C-935D-468A16C2AD44}.Debug|iPhone.Build.0 = Debug|Any CPU
		{B34436FE-BAF6-4E3C-935D-468A16C2AD44}.Debug|iPhoneSimulator.ActiveCfg = Debug|Any CPU
		{B34436FE-BAF6-4E3C-935D-468A16C2AD44}.Debug|iPhoneSimulator.Build.0 = Debug|Any CPU
		{B34436FE-BAF6-4E3C-935D-468A16C2AD44}.Release|Any CPU.ActiveCfg = Release|Any CPU
		{B34436FE-BAF6-4E3C-935D-468A16C2AD44}.Release|Any CPU.Build.0 = Release|Any CPU
		{B34436FE-BAF6-4E3C-935D-468A16C2AD44}.Release|iPhone.ActiveCfg = Release|Any CPU
		{B34436FE-BAF6-4E3C-935D-468A16C2AD44}.Release|iPhone.Build.0 = Release|Any CPU
		{B34436FE-BAF6-4E3C-935D-468A16C2AD44}.Release|iPhoneSimulator.ActiveCfg = Release|Any CPU
		{B34436FE-BAF6-4E3C-935D-468A16C2AD44}.Release|iPhoneSimulator.Build.0 = Release|Any CPU
		{5ABBEF06-CFE9-4164-97DA-1BD62FF6114C}.Ad-Hoc|Any CPU.ActiveCfg = Debug|Any CPU
		{5ABBEF06-CFE9-4164-97DA-1BD62FF6114C}.Ad-Hoc|Any CPU.Build.0 = Debug|Any CPU
		{5ABBEF06-CFE9-4164-97DA-1BD62FF6114C}.Ad-Hoc|iPhone.ActiveCfg = Debug|Any CPU
		{5ABBEF06-CFE9-4164-97DA-1BD62FF6114C}.Ad-Hoc|iPhone.Build.0 = Debug|Any CPU
		{5ABBEF06-CFE9-4164-97DA-1BD62FF6114C}.Ad-Hoc|iPhoneSimulator.ActiveCfg = Debug|Any CPU
		{5ABBEF06-CFE9-4164-97DA-1BD62FF6114C}.Ad-Hoc|iPhoneSimulator.Build.0 = Debug|Any CPU
		{5ABBEF06-CFE9-4164-97DA-1BD62FF6114C}.AppStore|Any CPU.ActiveCfg = Debug|Any CPU
		{5ABBEF06-CFE9-4164-97DA-1BD62FF6114C}.AppStore|Any CPU.Build.0 = Debug|Any CPU
		{5ABBEF06-CFE9-4164-97DA-1BD62FF6114C}.AppStore|iPhone.ActiveCfg = Debug|Any CPU
		{5ABBEF06-CFE9-4164-97DA-1BD62FF6114C}.AppStore|iPhone.Build.0 = Debug|Any CPU
		{5ABBEF06-CFE9-4164-97DA-1BD62FF6114C}.AppStore|iPhoneSimulator.ActiveCfg = Debug|Any CPU
		{5ABBEF06-CFE9-4164-97DA-1BD62FF6114C}.AppStore|iPhoneSimulator.Build.0 = Debug|Any CPU
		{5ABBEF06-CFE9-4164-97DA-1BD62FF6114C}.Debug|Any CPU.ActiveCfg = Debug|Any CPU
		{5ABBEF06-CFE9-4164-97DA-1BD62FF6114C}.Debug|Any CPU.Build.0 = Debug|Any CPU
		{5ABBEF06-CFE9-4164-97DA-1BD62FF6114C}.Debug|iPhone.ActiveCfg = Debug|Any CPU
		{5ABBEF06-CFE9-4164-97DA-1BD62FF6114C}.Debug|iPhone.Build.0 = Debug|Any CPU
		{5ABBEF06-CFE9-4164-97DA-1BD62FF6114C}.Debug|iPhoneSimulator.ActiveCfg = Debug|Any CPU
		{5ABBEF06-CFE9-4164-97DA-1BD62FF6114C}.Debug|iPhoneSimulator.Build.0 = Debug|Any CPU
		{5ABBEF06-CFE9-4164-97DA-1BD62FF6114C}.Release|Any CPU.ActiveCfg = Release|Any CPU
		{5ABBEF06-CFE9-4164-97DA-1BD62FF6114C}.Release|Any CPU.Build.0 = Release|Any CPU
		{5ABBEF06-CFE9-4164-97DA-1BD62FF6114C}.Release|iPhone.ActiveCfg = Release|Any CPU
		{5ABBEF06-CFE9-4164-97DA-1BD62FF6114C}.Release|iPhone.Build.0 = Release|Any CPU
		{5ABBEF06-CFE9-4164-97DA-1BD62FF6114C}.Release|iPhoneSimulator.ActiveCfg = Release|Any CPU
		{5ABBEF06-CFE9-4164-97DA-1BD62FF6114C}.Release|iPhoneSimulator.Build.0 = Release|Any CPU
		{5BD36CA5-276E-4DE7-BB9B-769DE3637C51}.Ad-Hoc|Any CPU.ActiveCfg = Debug|Any CPU
		{5BD36CA5-276E-4DE7-BB9B-769DE3637C51}.Ad-Hoc|Any CPU.Build.0 = Debug|Any CPU
		{5BD36CA5-276E-4DE7-BB9B-769DE3637C51}.Ad-Hoc|iPhone.ActiveCfg = Debug|Any CPU
		{5BD36CA5-276E-4DE7-BB9B-769DE3637C51}.Ad-Hoc|iPhone.Build.0 = Debug|Any CPU
		{5BD36CA5-276E-4DE7-BB9B-769DE3637C51}.Ad-Hoc|iPhoneSimulator.ActiveCfg = Debug|Any CPU
		{5BD36CA5-276E-4DE7-BB9B-769DE3637C51}.Ad-Hoc|iPhoneSimulator.Build.0 = Debug|Any CPU
		{5BD36CA5-276E-4DE7-BB9B-769DE3637C51}.AppStore|Any CPU.ActiveCfg = Debug|Any CPU
		{5BD36CA5-276E-4DE7-BB9B-769DE3637C51}.AppStore|Any CPU.Build.0 = Debug|Any CPU
		{5BD36CA5-276E-4DE7-BB9B-769DE3637C51}.AppStore|iPhone.ActiveCfg = Debug|Any CPU
		{5BD36CA5-276E-4DE7-BB9B-769DE3637C51}.AppStore|iPhone.Build.0 = Debug|Any CPU
		{5BD36CA5-276E-4DE7-BB9B-769DE3637C51}.AppStore|iPhoneSimulator.ActiveCfg = Debug|Any CPU
		{5BD36CA5-276E-4DE7-BB9B-769DE3637C51}.AppStore|iPhoneSimulator.Build.0 = Debug|Any CPU
		{5BD36CA5-276E-4DE7-BB9B-769DE3637C51}.Debug|Any CPU.ActiveCfg = Debug|Any CPU
		{5BD36CA5-276E-4DE7-BB9B-769DE3637C51}.Debug|Any CPU.Build.0 = Debug|Any CPU
		{5BD36CA5-276E-4DE7-BB9B-769DE3637C51}.Debug|iPhone.ActiveCfg = Debug|Any CPU
		{5BD36CA5-276E-4DE7-BB9B-769DE3637C51}.Debug|iPhone.Build.0 = Debug|Any CPU
		{5BD36CA5-276E-4DE7-BB9B-769DE3637C51}.Debug|iPhoneSimulator.ActiveCfg = Debug|Any CPU
		{5BD36CA5-276E-4DE7-BB9B-769DE3637C51}.Debug|iPhoneSimulator.Build.0 = Debug|Any CPU
		{5BD36CA5-276E-4DE7-BB9B-769DE3637C51}.Release|Any CPU.ActiveCfg = Release|Any CPU
		{5BD36CA5-276E-4DE7-BB9B-769DE3637C51}.Release|Any CPU.Build.0 = Release|Any CPU
		{5BD36CA5-276E-4DE7-BB9B-769DE3637C51}.Release|iPhone.ActiveCfg = Release|Any CPU
		{5BD36CA5-276E-4DE7-BB9B-769DE3637C51}.Release|iPhone.Build.0 = Release|Any CPU
		{5BD36CA5-276E-4DE7-BB9B-769DE3637C51}.Release|iPhoneSimulator.ActiveCfg = Release|Any CPU
		{5BD36CA5-276E-4DE7-BB9B-769DE3637C51}.Release|iPhoneSimulator.Build.0 = Release|Any CPU
		{9709DC96-D806-47AE-A6F2-3BCC443BD156}.Ad-Hoc|Any CPU.ActiveCfg = Debug|Any CPU
		{9709DC96-D806-47AE-A6F2-3BCC443BD156}.Ad-Hoc|Any CPU.Build.0 = Debug|Any CPU
		{9709DC96-D806-47AE-A6F2-3BCC443BD156}.Ad-Hoc|iPhone.ActiveCfg = Debug|Any CPU
		{9709DC96-D806-47AE-A6F2-3BCC443BD156}.Ad-Hoc|iPhone.Build.0 = Debug|Any CPU
		{9709DC96-D806-47AE-A6F2-3BCC443BD156}.Ad-Hoc|iPhoneSimulator.ActiveCfg = Debug|Any CPU
		{9709DC96-D806-47AE-A6F2-3BCC443BD156}.Ad-Hoc|iPhoneSimulator.Build.0 = Debug|Any CPU
		{9709DC96-D806-47AE-A6F2-3BCC443BD156}.AppStore|Any CPU.ActiveCfg = Debug|Any CPU
		{9709DC96-D806-47AE-A6F2-3BCC443BD156}.AppStore|Any CPU.Build.0 = Debug|Any CPU
		{9709DC96-D806-47AE-A6F2-3BCC443BD156}.AppStore|iPhone.ActiveCfg = Debug|Any CPU
		{9709DC96-D806-47AE-A6F2-3BCC443BD156}.AppStore|iPhone.Build.0 = Debug|Any CPU
		{9709DC96-D806-47AE-A6F2-3BCC443BD156}.AppStore|iPhoneSimulator.ActiveCfg = Debug|Any CPU
		{9709DC96-D806-47AE-A6F2-3BCC443BD156}.AppStore|iPhoneSimulator.Build.0 = Debug|Any CPU
		{9709DC96-D806-47AE-A6F2-3BCC443BD156}.Debug|Any CPU.ActiveCfg = Debug|Any CPU
		{9709DC96-D806-47AE-A6F2-3BCC443BD156}.Debug|Any CPU.Build.0 = Debug|Any CPU
		{9709DC96-D806-47AE-A6F2-3BCC443BD156}.Debug|iPhone.ActiveCfg = Debug|Any CPU
		{9709DC96-D806-47AE-A6F2-3BCC443BD156}.Debug|iPhone.Build.0 = Debug|Any CPU
		{9709DC96-D806-47AE-A6F2-3BCC443BD156}.Debug|iPhoneSimulator.ActiveCfg = Debug|Any CPU
		{9709DC96-D806-47AE-A6F2-3BCC443BD156}.Debug|iPhoneSimulator.Build.0 = Debug|Any CPU
		{9709DC96-D806-47AE-A6F2-3BCC443BD156}.Release|Any CPU.ActiveCfg = Release|Any CPU
		{9709DC96-D806-47AE-A6F2-3BCC443BD156}.Release|Any CPU.Build.0 = Release|Any CPU
		{9709DC96-D806-47AE-A6F2-3BCC443BD156}.Release|iPhone.ActiveCfg = Release|Any CPU
		{9709DC96-D806-47AE-A6F2-3BCC443BD156}.Release|iPhone.Build.0 = Release|Any CPU
		{9709DC96-D806-47AE-A6F2-3BCC443BD156}.Release|iPhoneSimulator.ActiveCfg = Release|Any CPU
		{9709DC96-D806-47AE-A6F2-3BCC443BD156}.Release|iPhoneSimulator.Build.0 = Release|Any CPU
	EndGlobalSection
	GlobalSection(SolutionProperties) = preSolution
		HideSolutionNode = FALSE
	EndGlobalSection
	GlobalSection(NestedProjects) = preSolution
		{24AB1236-40B1-4A33-809C-44B9013A214C} = {11CFA4A1-0460-4450-B641-C395557E08BF}
		{E83CE475-BDBF-47E2-880E-4E2BA3A01F36} = {4688F9FC-CFA3-471F-92FF-F804A9B5CDCB}
		{4FF33EE2-99CB-44BE-9F2C-F17C471F6F54} = {AFF0CF4A-C1C4-4A41-866C-7C004C04ABD7}
		{E73D177C-492F-41F3-A2B7-707FA5FE3FA7} = {741EDA25-1C34-4805-B2B6-85963BA4314D}
		{56348F2B-3B5F-45EE-BF89-C9999C6A608B} = {7BE5CC61-EAF0-416F-B20E-112F02932C89}
		{2F86EC2F-891A-4795-B165-6B1EAC046708} = {741EDA25-1C34-4805-B2B6-85963BA4314D}
		{8F1DFEE1-F48C-42D6-9F91-F08B00AF79C6} = {741EDA25-1C34-4805-B2B6-85963BA4314D}
		{B34436FE-BAF6-4E3C-935D-468A16C2AD44} = {741EDA25-1C34-4805-B2B6-85963BA4314D}
		{973DE8BD-91E8-41FC-98F9-DFF4CD5E4642} = {3D52BA67-C6FA-4F85-B014-C669AE0D7568}
		{5ABBEF06-CFE9-4164-97DA-1BD62FF6114C} = {973DE8BD-91E8-41FC-98F9-DFF4CD5E4642}
		{5BD36CA5-276E-4DE7-BB9B-769DE3637C51} = {3D52BA67-C6FA-4F85-B014-C669AE0D7568}
		{0E3449F5-679B-403D-A7BD-863676D25921} = {3D52BA67-C6FA-4F85-B014-C669AE0D7568}
		{9709DC96-D806-47AE-A6F2-3BCC443BD156} = {0E3449F5-679B-403D-A7BD-863676D25921}
	EndGlobalSection
	GlobalSection(ExtensibilityGlobals) = postSolution
		SolutionGuid = {4F48778E-1A8D-4F87-9725-81185584088E}
	EndGlobalSection
EndGlobal
